
Microsoft Visual Studio Solution File, Format Version 12.00
# Visual Studio 15
Project("{FAE04EC0-301F-11D3-BF4B-00C04F79EFBC}") = "ArcGISMapsSDKSamples", "ArcGISMapsSDKSamples.csproj", "{9C2D50C3-2A36-F3D2-839B-247765E5C0C6}"
EndProject
Project("{FAE04EC0-301F-11D3-BF4B-00C04F79EFBC}") = "Assembly-CSharp", "Assembly-CSharp.csproj", "{8F97AC93-F553-8D34-9BE6-25864B5690EA}"
EndProject
Project("{FAE04EC0-301F-11D3-BF4B-00C04F79EFBC}") = "Assembly-CSharp-Editor", "Assembly-CSharp-Editor.csproj", "{71EFDAF9-BEBC-4173-3D1E-3CA7A55FAEEF}"
EndProject
Global
	GlobalSection(SolutionConfigurationPlatforms) = preSolution
		Debug|Any CPU = Debug|Any CPU
		Release|Any CPU = Release|Any CPU
	EndGlobalSection
	GlobalSection(ProjectConfigurationPlatforms) = postSolution
		{9C2D50C3-2A36-F3D2-839B-247765E5C0C6}.Debug|Any CPU.ActiveCfg = Debug|Any CPU
		{9C2D50C3-2A36-F3D2-839B-247765E5C0C6}.Debug|Any CPU.Build.0 = Debug|Any CPU
		{9C2D50C3-2A36-F3D2-839B-247765E5C0C6}.Release|Any CPU.ActiveCfg = Release|Any CPU
		{9C2D50C3-2A36-F3D2-839B-247765E5C0C6}.Release|Any CPU.Build.0 = Release|Any CPU
		{8F97AC93-F553-8D34-9BE6-25864B5690EA}.Debug|Any CPU.ActiveCfg = Debug|Any CPU
		{8F97AC93-F553-8D34-9BE6-25864B5690EA}.Debug|Any CPU.Build.0 = Debug|Any CPU
		{8F97AC93-F553-8D34-9BE6-25864B5690EA}.Release|Any CPU.ActiveCfg = Release|Any CPU
		{8F97AC93-F553-8D34-9BE6-25864B5690EA}.Release|Any CPU.Build.0 = Release|Any CPU
		{71EFDAF9-BEBC-4173-3D1E-3CA7A55FAEEF}.Debug|Any CPU.ActiveCfg = Debug|Any CPU
		{71EFDAF9-BEBC-4173-3D1E-3CA7A55FAEEF}.Debug|Any CPU.Build.0 = Debug|Any CPU
		{71EFDAF9-BEBC-4173-3D1E-3CA7A55FAEEF}.Release|Any CPU.ActiveCfg = Release|Any CPU
		{71EFDAF9-BEBC-4173-3D1E-3CA7A55FAEEF}.Release|Any CPU.Build.0 = Release|Any CPU
	EndGlobalSection
	GlobalSection(SolutionProperties) = preSolution
		HideSolutionNode = FALSE
	EndGlobalSection
EndGlobal
