
Microsoft Visual Studio Solution File, Format Version 12.00
# Visual Studio 15
Project("{FAE04EC0-301F-11D3-BF4B-00C04F79EFBC}") = "ArcGISMapsSDKSamples", "ArcGISMapsSDKSamples.csproj", "{77EF8FF7-8F79-A399-2CD1-57A1196521C6}"
EndProject
Project("{FAE04EC0-301F-11D3-BF4B-00C04F79EFBC}") = "Assembly-CSharp", "Assembly-CSharp.csproj", "{6F11BC52-DFFE-35B2-9239-D657C5CFB1B6}"
EndProject
Project("{FAE04EC0-301F-11D3-BF4B-00C04F79EFBC}") = "Assembly-CSharp-Editor", "Assembly-CSharp-Editor.csproj", "{16A709D4-ABD0-DBD9-CD33-DB0696072913}"
EndProject
Global
	GlobalSection(SolutionConfigurationPlatforms) = preSolution
		Debug|Any CPU = Debug|Any CPU
		Release|Any CPU = Release|Any CPU
	EndGlobalSection
	GlobalSection(ProjectConfigurationPlatforms) = postSolution
		{77EF8FF7-8F79-A399-2CD1-57A1196521C6}.Debug|Any CPU.ActiveCfg = Debug|Any CPU
		{77EF8FF7-8F79-A399-2CD1-57A1196521C6}.Debug|Any CPU.Build.0 = Debug|Any CPU
		{77EF8FF7-8F79-A399-2CD1-57A1196521C6}.Release|Any CPU.ActiveCfg = Release|Any CPU
		{77EF8FF7-8F79-A399-2CD1-57A1196521C6}.Release|Any CPU.Build.0 = Release|Any CPU
		{6F11BC52-DFFE-35B2-9239-D657C5CFB1B6}.Debug|Any CPU.ActiveCfg = Debug|Any CPU
		{6F11BC52-DFFE-35B2-9239-D657C5CFB1B6}.Debug|Any CPU.Build.0 = Debug|Any CPU
		{6F11BC52-DFFE-35B2-9239-D657C5CFB1B6}.Release|Any CPU.ActiveCfg = Release|Any CPU
		{6F11BC52-DFFE-35B2-9239-D657C5CFB1B6}.Release|Any CPU.Build.0 = Release|Any CPU
		{16A709D4-ABD0-DBD9-CD33-DB0696072913}.Debug|Any CPU.ActiveCfg = Debug|Any CPU
		{16A709D4-ABD0-DBD9-CD33-DB0696072913}.Debug|Any CPU.Build.0 = Debug|Any CPU
		{16A709D4-ABD0-DBD9-CD33-DB0696072913}.Release|Any CPU.ActiveCfg = Release|Any CPU
		{16A709D4-ABD0-DBD9-CD33-DB0696072913}.Release|Any CPU.Build.0 = Release|Any CPU
	EndGlobalSection
	GlobalSection(SolutionProperties) = preSolution
		HideSolutionNode = FALSE
	EndGlobalSection
EndGlobal
