
Microsoft Visual Studio Solution File, Format Version 12.00
# Visual Studio Version 16
VisualStudioVersion = 16.0.32602.291
MinimumVisualStudioVersion = 10.0.40219.1
Project("{FAE04EC0-301F-11D3-BF4B-00C04F79EFBC}") = "GTFS_Data_Loader", "GTFS_Data_Loader\GTFS_Data_Loader.csproj", "{E4254405-5CE1-4096-8263-AED07678C747}"
EndProject
Global
	GlobalSection(SolutionConfigurationPlatforms) = preSolution
		Debug|Any CPU = Debug|Any CPU
		Release|Any CPU = Release|Any CPU
	EndGlobalSection
	GlobalSection(ProjectConfigurationPlatforms) = postSolution
		{E4254405-5CE1-4096-8263-AED07678C747}.Debug|Any CPU.ActiveCfg = Debug|Any CPU
		{E4254405-5CE1-4096-8263-AED07678C747}.Debug|Any CPU.Build.0 = Debug|Any CPU
		{E4254405-5CE1-4096-8263-AED07678C747}.Release|Any CPU.ActiveCfg = Release|Any CPU
		{E4254405-5CE1-4096-8263-AED07678C747}.Release|Any CPU.Build.0 = Release|Any CPU
	EndGlobalSection
	GlobalSection(SolutionProperties) = preSolution
		HideSolutionNode = FALSE
	EndGlobalSection
	GlobalSection(ExtensibilityGlobals) = postSolution
		SolutionGuid = {8AFA85CD-1BAE-43DE-8828-6DC7BF77CF69}
	EndGlobalSection
EndGlobal
